
Microsoft Visual Studio Solution File, Format Version 12.00
# Visual Studio 14
VisualStudioVersion = 14.0.25420.1
MinimumVisualStudioVersion = 10.0.40219.1
Project("{FAE04EC0-301F-11D3-BF4B-00C04F79EFBC}") = "SolgerySystem2", "SolgerySystem2\SolgerySystem2.csproj", "{437702C6-6994-457F-95B3-7A68CF1E39EB}"
EndProject
Global
	GlobalSection(SolutionConfigurationPlatforms) = preSolution
		Debug|Any CPU = Debug|Any CPU
		Release|Any CPU = Release|Any CPU
	EndGlobalSection
	GlobalSection(ProjectConfigurationPlatforms) = postSolution
		{437702C6-6994-457F-95B3-7A68CF1E39EB}.Debug|Any CPU.ActiveCfg = Debug|Any CPU
		{437702C6-6994-457F-95B3-7A68CF1E39EB}.Debug|Any CPU.Build.0 = Debug|Any CPU
		{437702C6-6994-457F-95B3-7A68CF1E39EB}.Release|Any CPU.ActiveCfg = Release|Any CPU
		{437702C6-6994-457F-95B3-7A68CF1E39EB}.Release|Any CPU.Build.0 = Release|Any CPU
	EndGlobalSection
	GlobalSection(SolutionProperties) = preSolution
		HideSolutionNode = FALSE
	EndGlobalSection
EndGlobal
